
Microsoft Visual Studio Solution File, Format Version 12.00
# Visual Studio Version 17
VisualStudioVersion = 17.13.35913.81 d17.13
MinimumVisualStudioVersion = 10.0.40219.1
Project("{FAE04EC0-301F-11D3-BF4B-00C04F79EFBC}") = "DAL", "DAL\DAL.csproj", "{071BEBA5-2605-40AD-B890-0CC9A6CCF09B}"
EndProject
Project("{FAE04EC0-301F-11D3-BF4B-00C04F79EFBC}") = "Servicelayer", "Servicelayer\Servicelayer.csproj", "{93B716BC-6BE7-4A8A-96CF-45A8D7676AFA}"
EndProject
Global
	GlobalSection(SolutionConfigurationPlatforms) = preSolution
		Debug|Any CPU = Debug|Any CPU
		Release|Any CPU = Release|Any CPU
	EndGlobalSection
	GlobalSection(ProjectConfigurationPlatforms) = postSolution
		{071BEBA5-2605-40AD-B890-0CC9A6CCF09B}.Debug|Any CPU.ActiveCfg = Debug|Any CPU
		{071BEBA5-2605-40AD-B890-0CC9A6CCF09B}.Debug|Any CPU.Build.0 = Debug|Any CPU
		{071BEBA5-2605-40AD-B890-0CC9A6CCF09B}.Release|Any CPU.ActiveCfg = Release|Any CPU
		{071BEBA5-2605-40AD-B890-0CC9A6CCF09B}.Release|Any CPU.Build.0 = Release|Any CPU
		{93B716BC-6BE7-4A8A-96CF-45A8D7676AFA}.Debug|Any CPU.ActiveCfg = Debug|Any CPU
		{93B716BC-6BE7-4A8A-96CF-45A8D7676AFA}.Debug|Any CPU.Build.0 = Debug|Any CPU
		{93B716BC-6BE7-4A8A-96CF-45A8D7676AFA}.Release|Any CPU.ActiveCfg = Release|Any CPU
		{93B716BC-6BE7-4A8A-96CF-45A8D7676AFA}.Release|Any CPU.Build.0 = Release|Any CPU
	EndGlobalSection
	GlobalSection(SolutionProperties) = preSolution
		HideSolutionNode = FALSE
	EndGlobalSection
	GlobalSection(ExtensibilityGlobals) = postSolution
		SolutionGuid = {CCFE185D-FF46-469A-B727-273EDEC05D7F}
	EndGlobalSection
EndGlobal
