
Microsoft Visual Studio Solution File, Format Version 12.00
# Visual Studio Version 17
VisualStudioVersion = 17.13.35913.81 d17.13
MinimumVisualStudioVersion = 10.0.40219.1
Project("{FAE04EC0-301F-11D3-BF4B-00C04F79EFBC}") = "LMSApp", "LMSApp.csproj", "{BA286007-0562-4B5B-BFE1-97A99D6684EA}"
EndProject
Global
	GlobalSection(SolutionConfigurationPlatforms) = preSolution
		Debug|Any CPU = Debug|Any CPU
		Release|Any CPU = Release|Any CPU
	EndGlobalSection
	GlobalSection(ProjectConfigurationPlatforms) = postSolution
		{BA286007-0562-4B5B-BFE1-97A99D6684EA}.Debug|Any CPU.ActiveCfg = Debug|Any CPU
		{BA286007-0562-4B5B-BFE1-97A99D6684EA}.Debug|Any CPU.Build.0 = Debug|Any CPU
		{BA286007-0562-4B5B-BFE1-97A99D6684EA}.Release|Any CPU.ActiveCfg = Release|Any CPU
		{BA286007-0562-4B5B-BFE1-97A99D6684EA}.Release|Any CPU.Build.0 = Release|Any CPU
	EndGlobalSection
	GlobalSection(SolutionProperties) = preSolution
		HideSolutionNode = FALSE
	EndGlobalSection
	GlobalSection(ExtensibilityGlobals) = postSolution
		SolutionGuid = {DF1FDE1A-2441-4A3A-96CD-15BBB1B94BE0}
	EndGlobalSection
EndGlobal
