
Microsoft Visual Studio Solution File, Format Version 12.00
# Visual Studio Version 17
VisualStudioVersion = 17.13.35913.81 d17.13
MinimumVisualStudioVersion = 10.0.40219.1
Project("{FAE04EC0-301F-11D3-BF4B-00C04F79EFBC}") = "EventManagement.DAL", "..\..\EF Core\EventManagement.DAL\EventManagement.DAL.csproj", "{5C719BA9-AF20-4A51-8509-2B8C32FC7A52}"
EndProject
Project("{FAE04EC0-301F-11D3-BF4B-00C04F79EFBC}") = "EventManagement.AppUI", "..\..\EF Core\EventManagement.AppUI\EventManagement.AppUI.csproj", "{5017581B-9EC6-4901-8E63-BA6BE8E706E5}"
EndProject
Global
	GlobalSection(SolutionConfigurationPlatforms) = preSolution
		Debug|Any CPU = Debug|Any CPU
		Release|Any CPU = Release|Any CPU
	EndGlobalSection
	GlobalSection(ProjectConfigurationPlatforms) = postSolution
		{5C719BA9-AF20-4A51-8509-2B8C32FC7A52}.Debug|Any CPU.ActiveCfg = Debug|Any CPU
		{5C719BA9-AF20-4A51-8509-2B8C32FC7A52}.Debug|Any CPU.Build.0 = Debug|Any CPU
		{5C719BA9-AF20-4A51-8509-2B8C32FC7A52}.Release|Any CPU.ActiveCfg = Release|Any CPU
		{5C719BA9-AF20-4A51-8509-2B8C32FC7A52}.Release|Any CPU.Build.0 = Release|Any CPU
		{5017581B-9EC6-4901-8E63-BA6BE8E706E5}.Debug|Any CPU.ActiveCfg = Debug|Any CPU
		{5017581B-9EC6-4901-8E63-BA6BE8E706E5}.Debug|Any CPU.Build.0 = Debug|Any CPU
		{5017581B-9EC6-4901-8E63-BA6BE8E706E5}.Release|Any CPU.ActiveCfg = Release|Any CPU
		{5017581B-9EC6-4901-8E63-BA6BE8E706E5}.Release|Any CPU.Build.0 = Release|Any CPU
	EndGlobalSection
	GlobalSection(SolutionProperties) = preSolution
		HideSolutionNode = FALSE
	EndGlobalSection
	GlobalSection(ExtensibilityGlobals) = postSolution
		SolutionGuid = {EFBCAF23-80B7-4A96-966C-F7061EFF2C2C}
	EndGlobalSection
EndGlobal
